
Microsoft Visual Studio Solution File, Format Version 12.00
# Visual Studio Version 17
VisualStudioVersion = 17.0.31903.59
MinimumVisualStudioVersion = 10.0.40219.1
Project("{FAE04EC0-301F-11D3-BF4B-00C04F79EFBC}") = "ProjetoPessoal", "ProjetoPessoal\ProjetoPessoal.csproj", "{40919746-2CC1-49EA-AE50-C7F2233E6DF1}"
EndProject
Project("{2150E333-8FDC-42A3-9474-1A3956D46DE8}") = "files", "files", "{F1CBF749-1DF5-4EBB-A7B7-BFB846103AB0}"
EndProject
Project("{2150E333-8FDC-42A3-9474-1A3956D46DE8}") = "database", "database", "{EC591CB6-70C9-4178-8CFE-F9C8501E3004}"
	ProjectSection(SolutionItems) = preProject
		..\..\..\Downloads\Diagrama.jpeg = ..\..\..\Downloads\Diagrama.jpeg
	EndProjectSection
EndProject
Project("{FAE04EC0-301F-11D3-BF4B-00C04F79EFBC}") = "Entities", "Entities\Entities.csproj", "{438C6662-952D-4F1F-B30F-22285B1766C9}"
EndProject
Global
	GlobalSection(SolutionConfigurationPlatforms) = preSolution
		Debug|Any CPU = Debug|Any CPU
		Release|Any CPU = Release|Any CPU
	EndGlobalSection
	GlobalSection(ProjectConfigurationPlatforms) = postSolution
		{40919746-2CC1-49EA-AE50-C7F2233E6DF1}.Debug|Any CPU.ActiveCfg = Debug|Any CPU
		{40919746-2CC1-49EA-AE50-C7F2233E6DF1}.Debug|Any CPU.Build.0 = Debug|Any CPU
		{40919746-2CC1-49EA-AE50-C7F2233E6DF1}.Release|Any CPU.ActiveCfg = Release|Any CPU
		{40919746-2CC1-49EA-AE50-C7F2233E6DF1}.Release|Any CPU.Build.0 = Release|Any CPU
		{438C6662-952D-4F1F-B30F-22285B1766C9}.Debug|Any CPU.ActiveCfg = Debug|Any CPU
		{438C6662-952D-4F1F-B30F-22285B1766C9}.Debug|Any CPU.Build.0 = Debug|Any CPU
		{438C6662-952D-4F1F-B30F-22285B1766C9}.Release|Any CPU.ActiveCfg = Release|Any CPU
		{438C6662-952D-4F1F-B30F-22285B1766C9}.Release|Any CPU.Build.0 = Release|Any CPU
	EndGlobalSection
	GlobalSection(SolutionProperties) = preSolution
		HideSolutionNode = FALSE
	EndGlobalSection
	GlobalSection(NestedProjects) = preSolution
		{EC591CB6-70C9-4178-8CFE-F9C8501E3004} = {F1CBF749-1DF5-4EBB-A7B7-BFB846103AB0}
	EndGlobalSection
EndGlobal
