
Microsoft Visual Studio Solution File, Format Version 12.00
# Visual Studio Version 17
VisualStudioVersion = 17.5.002.0
MinimumVisualStudioVersion = 10.0.40219.1
Project("{9A19103F-16F7-4668-BE54-9A1E7A4F7556}") = "DOTNET-P002", "DOTNET-P002\DOTNET-P002.csproj", "{F1D6AF7E-14BC-4D35-BF25-90ACDED88F17}"
EndProject
Global
	GlobalSection(SolutionConfigurationPlatforms) = preSolution
		Debug|Any CPU = Debug|Any CPU
		Release|Any CPU = Release|Any CPU
	EndGlobalSection
	GlobalSection(ProjectConfigurationPlatforms) = postSolution
		{F1D6AF7E-14BC-4D35-BF25-90ACDED88F17}.Debug|Any CPU.ActiveCfg = Debug|Any CPU
		{F1D6AF7E-14BC-4D35-BF25-90ACDED88F17}.Debug|Any CPU.Build.0 = Debug|Any CPU
		{F1D6AF7E-14BC-4D35-BF25-90ACDED88F17}.Release|Any CPU.ActiveCfg = Release|Any CPU
		{F1D6AF7E-14BC-4D35-BF25-90ACDED88F17}.Release|Any CPU.Build.0 = Release|Any CPU
	EndGlobalSection
	GlobalSection(SolutionProperties) = preSolution
		HideSolutionNode = FALSE
	EndGlobalSection
	GlobalSection(ExtensibilityGlobals) = postSolution
		SolutionGuid = {025BB99E-60B0-4E56-8144-DA63612EE489}
	EndGlobalSection
EndGlobal
