
Microsoft Visual Studio Solution File, Format Version 12.00
# Visual Studio Version 17
VisualStudioVersion = 17.0.31903.59
MinimumVisualStudioVersion = 10.0.40219.1
Project("{2150E333-8FDC-42A3-9474-1A3956D46DE8}") = "TechMed.Core", "TechMed.Core", "{AC820B7A-7B02-40C6-B1CC-A1A5F818A7F7}"
EndProject
Project("{FAE04EC0-301F-11D3-BF4B-00C04F79EFBC}") = "TechMed.Core", "TechMed.Core\TechMed.Core\TechMed.Core.csproj", "{558338E0-6FA0-43D7-891E-00944EA83249}"
EndProject
Project("{FAE04EC0-301F-11D3-BF4B-00C04F79EFBC}") = "TechMed.Infra", "TechMed.Infra\TechMed.Infra.csproj", "{4358AD87-3AD6-4F87-B111-F51922D996B6}"
EndProject
Project("{FAE04EC0-301F-11D3-BF4B-00C04F79EFBC}") = "TechMed.Application", "TechMed.Application\TechMed.Application.csproj", "{9AE635F0-080C-4A41-9AA9-007829B69EEE}"
EndProject
Global
	GlobalSection(SolutionConfigurationPlatforms) = preSolution
		Debug|Any CPU = Debug|Any CPU
		Release|Any CPU = Release|Any CPU
	EndGlobalSection
	GlobalSection(ProjectConfigurationPlatforms) = postSolution
		{558338E0-6FA0-43D7-891E-00944EA83249}.Debug|Any CPU.ActiveCfg = Debug|Any CPU
		{558338E0-6FA0-43D7-891E-00944EA83249}.Debug|Any CPU.Build.0 = Debug|Any CPU
		{558338E0-6FA0-43D7-891E-00944EA83249}.Release|Any CPU.ActiveCfg = Release|Any CPU
		{558338E0-6FA0-43D7-891E-00944EA83249}.Release|Any CPU.Build.0 = Release|Any CPU
		{4358AD87-3AD6-4F87-B111-F51922D996B6}.Debug|Any CPU.ActiveCfg = Debug|Any CPU
		{4358AD87-3AD6-4F87-B111-F51922D996B6}.Debug|Any CPU.Build.0 = Debug|Any CPU
		{4358AD87-3AD6-4F87-B111-F51922D996B6}.Release|Any CPU.ActiveCfg = Release|Any CPU
		{4358AD87-3AD6-4F87-B111-F51922D996B6}.Release|Any CPU.Build.0 = Release|Any CPU
		{9AE635F0-080C-4A41-9AA9-007829B69EEE}.Debug|Any CPU.ActiveCfg = Debug|Any CPU
		{9AE635F0-080C-4A41-9AA9-007829B69EEE}.Debug|Any CPU.Build.0 = Debug|Any CPU
		{9AE635F0-080C-4A41-9AA9-007829B69EEE}.Release|Any CPU.ActiveCfg = Release|Any CPU
		{9AE635F0-080C-4A41-9AA9-007829B69EEE}.Release|Any CPU.Build.0 = Release|Any CPU
	EndGlobalSection
	GlobalSection(SolutionProperties) = preSolution
		HideSolutionNode = FALSE
	EndGlobalSection
	GlobalSection(NestedProjects) = preSolution
		{558338E0-6FA0-43D7-891E-00944EA83249} = {AC820B7A-7B02-40C6-B1CC-A1A5F818A7F7}
	EndGlobalSection
EndGlobal
