
Microsoft Visual Studio Solution File, Format Version 12.00
# Visual Studio Version 17
VisualStudioVersion = 17.0.31903.59
MinimumVisualStudioVersion = 10.0.40219.1
Project("{2150E333-8FDC-42A3-9474-1A3956D46DE8}") = "Core", "Core", "{0C8497DF-C938-4818-AA8C-D1EACEEF710B}"
EndProject
Project("{2150E333-8FDC-42A3-9474-1A3956D46DE8}") = "Infrastructure", "Infrastructure", "{8F5D01BF-2F6F-489B-8D3D-72E2F0641902}"
EndProject
Project("{2150E333-8FDC-42A3-9474-1A3956D46DE8}") = "Presentation", "Presentation", "{0BAF0F1D-9366-4F4D-AC53-3786AC715D03}"
EndProject
Project("{2150E333-8FDC-42A3-9474-1A3956D46DE8}") = "Test", "Test", "{2B1FD56A-2518-4DD8-80ED-42F57B1A6D51}"
EndProject
Project("{FAE04EC0-301F-11D3-BF4B-00C04F79EFBC}") = "CleanArchitecture.Domain", "Core\CleanArchitecture.Domain\CleanArchitecture.Domain.csproj", "{0DD642F0-CD95-48C5-9B71-A1E48A0A0B18}"
EndProject
Project("{FAE04EC0-301F-11D3-BF4B-00C04F79EFBC}") = "CleanArchitecture.Application", "Core\CleanArchitecture.Application\CleanArchitecture.Application.csproj", "{7C66868A-7B5F-4F1B-967C-8856E98459C8}"
EndProject
Project("{FAE04EC0-301F-11D3-BF4B-00C04F79EFBC}") = "CleanArchitecture.Persistence", "Infrastructure\CleanArchitecture.Persistence\CleanArchitecture.Persistence.csproj", "{4F0D1EBE-CD61-4E21-B91E-9146CEEA8BAC}"
EndProject
Project("{FAE04EC0-301F-11D3-BF4B-00C04F79EFBC}") = "CleanArchitecture.API", "Presentation\CleanArchitecture.API\CleanArchitecture.API.csproj", "{FF8D2C89-900F-4C36-8377-D785353E3FC2}"
EndProject
Project("{FAE04EC0-301F-11D3-BF4B-00C04F79EFBC}") = "CleanArchitecture.Tests", "Test\CleanArchitecture.Tests\CleanArchitecture.Tests.csproj", "{824D46F0-77FA-4326-BC07-F0A799C36E0A}"
EndProject
Global
	GlobalSection(SolutionConfigurationPlatforms) = preSolution
		Debug|Any CPU = Debug|Any CPU
		Release|Any CPU = Release|Any CPU
	EndGlobalSection
	GlobalSection(ProjectConfigurationPlatforms) = postSolution
		{0DD642F0-CD95-48C5-9B71-A1E48A0A0B18}.Debug|Any CPU.ActiveCfg = Debug|Any CPU
		{0DD642F0-CD95-48C5-9B71-A1E48A0A0B18}.Debug|Any CPU.Build.0 = Debug|Any CPU
		{0DD642F0-CD95-48C5-9B71-A1E48A0A0B18}.Release|Any CPU.ActiveCfg = Release|Any CPU
		{0DD642F0-CD95-48C5-9B71-A1E48A0A0B18}.Release|Any CPU.Build.0 = Release|Any CPU
		{7C66868A-7B5F-4F1B-967C-8856E98459C8}.Debug|Any CPU.ActiveCfg = Debug|Any CPU
		{7C66868A-7B5F-4F1B-967C-8856E98459C8}.Debug|Any CPU.Build.0 = Debug|Any CPU
		{7C66868A-7B5F-4F1B-967C-8856E98459C8}.Release|Any CPU.ActiveCfg = Release|Any CPU
		{7C66868A-7B5F-4F1B-967C-8856E98459C8}.Release|Any CPU.Build.0 = Release|Any CPU
		{4F0D1EBE-CD61-4E21-B91E-9146CEEA8BAC}.Debug|Any CPU.ActiveCfg = Debug|Any CPU
		{4F0D1EBE-CD61-4E21-B91E-9146CEEA8BAC}.Debug|Any CPU.Build.0 = Debug|Any CPU
		{4F0D1EBE-CD61-4E21-B91E-9146CEEA8BAC}.Release|Any CPU.ActiveCfg = Release|Any CPU
		{4F0D1EBE-CD61-4E21-B91E-9146CEEA8BAC}.Release|Any CPU.Build.0 = Release|Any CPU
		{FF8D2C89-900F-4C36-8377-D785353E3FC2}.Debug|Any CPU.ActiveCfg = Debug|Any CPU
		{FF8D2C89-900F-4C36-8377-D785353E3FC2}.Debug|Any CPU.Build.0 = Debug|Any CPU
		{FF8D2C89-900F-4C36-8377-D785353E3FC2}.Release|Any CPU.ActiveCfg = Release|Any CPU
		{FF8D2C89-900F-4C36-8377-D785353E3FC2}.Release|Any CPU.Build.0 = Release|Any CPU
		{824D46F0-77FA-4326-BC07-F0A799C36E0A}.Debug|Any CPU.ActiveCfg = Debug|Any CPU
		{824D46F0-77FA-4326-BC07-F0A799C36E0A}.Debug|Any CPU.Build.0 = Debug|Any CPU
		{824D46F0-77FA-4326-BC07-F0A799C36E0A}.Release|Any CPU.ActiveCfg = Release|Any CPU
		{824D46F0-77FA-4326-BC07-F0A799C36E0A}.Release|Any CPU.Build.0 = Release|Any CPU
	EndGlobalSection
	GlobalSection(SolutionProperties) = preSolution
		HideSolutionNode = FALSE
	EndGlobalSection
	GlobalSection(NestedProjects) = preSolution
		{0DD642F0-CD95-48C5-9B71-A1E48A0A0B18} = {0C8497DF-C938-4818-AA8C-D1EACEEF710B}
		{7C66868A-7B5F-4F1B-967C-8856E98459C8} = {0C8497DF-C938-4818-AA8C-D1EACEEF710B}
		{4F0D1EBE-CD61-4E21-B91E-9146CEEA8BAC} = {8F5D01BF-2F6F-489B-8D3D-72E2F0641902}
		{FF8D2C89-900F-4C36-8377-D785353E3FC2} = {0BAF0F1D-9366-4F4D-AC53-3786AC715D03}
		{824D46F0-77FA-4326-BC07-F0A799C36E0A} = {2B1FD56A-2518-4DD8-80ED-42F57B1A6D51}
	EndGlobalSection
EndGlobal